
Microsoft Visual Studio Solution File, Format Version 12.00
# Visual Studio Version 17
VisualStudioVersion = 17.11.35222.181
MinimumVisualStudioVersion = 10.0.40219.1
Project("{8BC9CEB8-8B4A-11D0-8D11-00A0C91BC942}") = "PCT - Lab 2", "PCT - Lab 2\PCT - Lab 2.vcxproj", "{012A79F0-3473-444B-8AA8-04135B97ED38}"
EndProject
Global
	GlobalSection(SolutionConfigurationPlatforms) = preSolution
		Debug|x64 = Debug|x64
		Debug|x86 = Debug|x86
		Release|x64 = Release|x64
		Release|x86 = Release|x86
	EndGlobalSection
	GlobalSection(ProjectConfigurationPlatforms) = postSolution
		{012A79F0-3473-444B-8AA8-04135B97ED38}.Debug|x64.ActiveCfg = Debug|x64
		{012A79F0-3473-444B-8AA8-04135B97ED38}.Debug|x64.Build.0 = Debug|x64
		{012A79F0-3473-444B-8AA8-04135B97ED38}.Debug|x86.ActiveCfg = Debug|Win32
		{012A79F0-3473-444B-8AA8-04135B97ED38}.Debug|x86.Build.0 = Debug|Win32
		{012A79F0-3473-444B-8AA8-04135B97ED38}.Release|x64.ActiveCfg = Release|x64
		{012A79F0-3473-444B-8AA8-04135B97ED38}.Release|x64.Build.0 = Release|x64
		{012A79F0-3473-444B-8AA8-04135B97ED38}.Release|x86.ActiveCfg = Release|Win32
		{012A79F0-3473-444B-8AA8-04135B97ED38}.Release|x86.Build.0 = Release|Win32
	EndGlobalSection
	GlobalSection(SolutionProperties) = preSolution
		HideSolutionNode = FALSE
	EndGlobalSection
	GlobalSection(ExtensibilityGlobals) = postSolution
		SolutionGuid = {5E20B1F5-A0FD-43F4-BA08-92F2E9264E25}
	EndGlobalSection
EndGlobal
